
Microsoft Visual Studio Solution File, Format Version 12.00
# Visual Studio Version 16
VisualStudioVersion = 16.0.30907.101
MinimumVisualStudioVersion = 10.0.40219.1
Project("{FAE04EC0-301F-11D3-BF4B-00C04F79EFBC}") = "OrangeHRM", "OrangeHRM.csproj", "{DDFAD9ED-3CDF-41BF-9605-E9E1BA08820C}"
EndProject
Global
	GlobalSection(SolutionConfigurationPlatforms) = preSolution
		Debug|Any CPU = Debug|Any CPU
		Release|Any CPU = Release|Any CPU
	EndGlobalSection
	GlobalSection(ProjectConfigurationPlatforms) = postSolution
		{DDFAD9ED-3CDF-41BF-9605-E9E1BA08820C}.Debug|Any CPU.ActiveCfg = Debug|Any CPU
		{DDFAD9ED-3CDF-41BF-9605-E9E1BA08820C}.Debug|Any CPU.Build.0 = Debug|Any CPU
		{DDFAD9ED-3CDF-41BF-9605-E9E1BA08820C}.Release|Any CPU.ActiveCfg = Release|Any CPU
		{DDFAD9ED-3CDF-41BF-9605-E9E1BA08820C}.Release|Any CPU.Build.0 = Release|Any CPU
	EndGlobalSection
	GlobalSection(SolutionProperties) = preSolution
		HideSolutionNode = FALSE
	EndGlobalSection
	GlobalSection(ExtensibilityGlobals) = postSolution
		SolutionGuid = {0D9C853F-66E4-4AEC-89E8-9A9B24DC3B3E}
	EndGlobalSection
EndGlobal
